{
  "name": "map",
  "lockfileVersion": 3,
  "requires": true,
  "packages": {
    "": {
      "dependencies": {
        "mapa-brasil": "^1.0.6"
      }
    },
    "node_modules/mapa-brasil": {
      "version": "1.0.6",
      "resolved": "https://registry.npmjs.org/mapa-brasil/-/mapa-brasil-1.0.6.tgz",
      "integrity": "sha512-MW09EWLUDSvWAZvN24z9onOi5EenWBkQlBhGVyDJEMlyj83pbSFYDNV7kJEswtZxStW7530NyHRGBRaw3OTLag==",
      "dependencies": {
        "whatwg-fetch": "^3.6.2"
      }
    },
    "node_modules/whatwg-fetch": {
      "version": "3.6.20",
      "resolved": "https://registry.npmjs.org/whatwg-fetch/-/whatwg-fetch-3.6.20.tgz",
      "integrity": "sha512-EqhiFU6daOA8kpjOWTL0olhVOF3i7OrFzSYiGsEMB8GcXS+RrzauAERX65xMeNWVqxA6HXH2m69Z9LaKKdisfg=="
    }
  }
}
